
Microsoft Visual Studio Solution File, Format Version 12.00
# Visual Studio Version 17
VisualStudioVersion = 17.11.35222.181
MinimumVisualStudioVersion = 10.0.40219.1
Project("{FAE04EC0-301F-11D3-BF4B-00C04F79EFBC}") = "USQLCSharpProject1", "USQLCSharpProject1\USQLCSharpProject1.csproj", "{3EBB84F3-005C-4CD2-BDCA-66D02C829CBC}"
EndProject
Project("{FAE04EC0-301F-11D3-BF4B-00C04F79EFBC}") = "ListLibrary.Tests", "ListLibrary.Tests\ListLibrary.Tests.csproj", "{AFE14F39-7B19-4E1D-8DAB-A735CC7A1656}"
EndProject
Global
	GlobalSection(SolutionConfigurationPlatforms) = preSolution
		Debug|Any CPU = Debug|Any CPU
		Release|Any CPU = Release|Any CPU
	EndGlobalSection
	GlobalSection(ProjectConfigurationPlatforms) = postSolution
		{3EBB84F3-005C-4CD2-BDCA-66D02C829CBC}.Debug|Any CPU.ActiveCfg = Debug|Any CPU
		{3EBB84F3-005C-4CD2-BDCA-66D02C829CBC}.Debug|Any CPU.Build.0 = Debug|Any CPU
		{3EBB84F3-005C-4CD2-BDCA-66D02C829CBC}.Release|Any CPU.ActiveCfg = Release|Any CPU
		{3EBB84F3-005C-4CD2-BDCA-66D02C829CBC}.Release|Any CPU.Build.0 = Release|Any CPU
		{AFE14F39-7B19-4E1D-8DAB-A735CC7A1656}.Debug|Any CPU.ActiveCfg = Debug|Any CPU
		{AFE14F39-7B19-4E1D-8DAB-A735CC7A1656}.Debug|Any CPU.Build.0 = Debug|Any CPU
		{AFE14F39-7B19-4E1D-8DAB-A735CC7A1656}.Release|Any CPU.ActiveCfg = Release|Any CPU
		{AFE14F39-7B19-4E1D-8DAB-A735CC7A1656}.Release|Any CPU.Build.0 = Release|Any CPU
	EndGlobalSection
	GlobalSection(SolutionProperties) = preSolution
		HideSolutionNode = FALSE
	EndGlobalSection
	GlobalSection(ExtensibilityGlobals) = postSolution
		SolutionGuid = {006A907C-2BB6-4DF1-A754-B3DA7BBEB779}
	EndGlobalSection
EndGlobal
